
Microsoft Visual Studio Solution File, Format Version 12.00
# Visual Studio 2013
VisualStudioVersion = 12.0.30110.0
MinimumVisualStudioVersion = 10.0.40219.1
Project("{FAE04EC0-301F-11D3-BF4B-00C04F79EFBC}") = "Laika", "Laika\Laika.csproj", "{5B17F254-F40A-4069-908D-339E67B9482E}"
EndProject
Project("{2150E333-8FDC-42A3-9474-1A3956D46DE8}") = ".nuget", ".nuget", "{05A5C2A4-DC23-4E8B-8139-B626E5C1CFAB}"
	ProjectSection(SolutionItems) = preProject
		.nuget\NuGet.Config = .nuget\NuGet.Config
		.nuget\NuGet.exe = .nuget\NuGet.exe
		.nuget\NuGet.targets = .nuget\NuGet.targets
	EndProjectSection
EndProject
Project("{FAE04EC0-301F-11D3-BF4B-00C04F79EFBC}") = "TestCrashLog", "TestCrashLog\TestCrashLog.csproj", "{82707FC7-1720-4E81-B8A1-2128140F04A4}"
EndProject
Project("{FAE04EC0-301F-11D3-BF4B-00C04F79EFBC}") = "TestCrypto", "TestCrypto\TestCrypto.csproj", "{F1AE90B8-96AF-4603-9B88-B6F2BA9BDB0D}"
EndProject
Project("{FAE04EC0-301F-11D3-BF4B-00C04F79EFBC}") = "TestThreadPool", "ThreadPool\TestThreadPool.csproj", "{36200548-396B-464D-A2E8-DD3218DCB0D9}"
EndProject
Project("{FAE04EC0-301F-11D3-BF4B-00C04F79EFBC}") = "TestRandom", "TestRandom\TestRandom.csproj", "{1FBA74DC-8490-4317-BF75-B18E90D56B56}"
EndProject
Project("{FAE04EC0-301F-11D3-BF4B-00C04F79EFBC}") = "TestLog", "TestLog\TestLog.csproj", "{B1DD55CD-DE84-4A9D-8AFB-98D5DFC60813}"
EndProject
Project("{FAE04EC0-301F-11D3-BF4B-00C04F79EFBC}") = "TestDatabase", "TestDatabase\TestDatabase.csproj", "{49058BD9-5914-40F2-AB4F-68680B1F628A}"
EndProject
Project("{FAE04EC0-301F-11D3-BF4B-00C04F79EFBC}") = "TestMessageHandler", "TestMessageHandler\TestMessageHandler.csproj", "{C65019D3-6A79-4D59-9377-0E9A4C638A1E}"
EndProject
Project("{FAE04EC0-301F-11D3-BF4B-00C04F79EFBC}") = "TestNet", "TestNet\TestNet.csproj", "{FDE9FFCA-9EF0-4DB7-A0E5-B29D8C0B2761}"
EndProject
Project("{FAE04EC0-301F-11D3-BF4B-00C04F79EFBC}") = "TestPushNotice", "TestPushNotice\TestPushNotice.csproj", "{5D476CC8-889A-4C07-B73B-83DC60B383C0}"
EndProject
Global
	GlobalSection(SolutionConfigurationPlatforms) = preSolution
		Debug|Any CPU = Debug|Any CPU
		Release|Any CPU = Release|Any CPU
	EndGlobalSection
	GlobalSection(ProjectConfigurationPlatforms) = postSolution
		{5B17F254-F40A-4069-908D-339E67B9482E}.Debug|Any CPU.ActiveCfg = Debug|Any CPU
		{5B17F254-F40A-4069-908D-339E67B9482E}.Debug|Any CPU.Build.0 = Debug|Any CPU
		{5B17F254-F40A-4069-908D-339E67B9482E}.Release|Any CPU.ActiveCfg = Release|Any CPU
		{5B17F254-F40A-4069-908D-339E67B9482E}.Release|Any CPU.Build.0 = Release|Any CPU
		{82707FC7-1720-4E81-B8A1-2128140F04A4}.Debug|Any CPU.ActiveCfg = Debug|Any CPU
		{82707FC7-1720-4E81-B8A1-2128140F04A4}.Debug|Any CPU.Build.0 = Debug|Any CPU
		{82707FC7-1720-4E81-B8A1-2128140F04A4}.Release|Any CPU.ActiveCfg = Release|Any CPU
		{82707FC7-1720-4E81-B8A1-2128140F04A4}.Release|Any CPU.Build.0 = Release|Any CPU
		{F1AE90B8-96AF-4603-9B88-B6F2BA9BDB0D}.Debug|Any CPU.ActiveCfg = Debug|Any CPU
		{F1AE90B8-96AF-4603-9B88-B6F2BA9BDB0D}.Debug|Any CPU.Build.0 = Debug|Any CPU
		{F1AE90B8-96AF-4603-9B88-B6F2BA9BDB0D}.Release|Any CPU.ActiveCfg = Release|Any CPU
		{F1AE90B8-96AF-4603-9B88-B6F2BA9BDB0D}.Release|Any CPU.Build.0 = Release|Any CPU
		{36200548-396B-464D-A2E8-DD3218DCB0D9}.Debug|Any CPU.ActiveCfg = Debug|Any CPU
		{36200548-396B-464D-A2E8-DD3218DCB0D9}.Debug|Any CPU.Build.0 = Debug|Any CPU
		{36200548-396B-464D-A2E8-DD3218DCB0D9}.Release|Any CPU.ActiveCfg = Release|Any CPU
		{36200548-396B-464D-A2E8-DD3218DCB0D9}.Release|Any CPU.Build.0 = Release|Any CPU
		{1FBA74DC-8490-4317-BF75-B18E90D56B56}.Debug|Any CPU.ActiveCfg = Debug|Any CPU
		{1FBA74DC-8490-4317-BF75-B18E90D56B56}.Debug|Any CPU.Build.0 = Debug|Any CPU
		{1FBA74DC-8490-4317-BF75-B18E90D56B56}.Release|Any CPU.ActiveCfg = Release|Any CPU
		{1FBA74DC-8490-4317-BF75-B18E90D56B56}.Release|Any CPU.Build.0 = Release|Any CPU
		{B1DD55CD-DE84-4A9D-8AFB-98D5DFC60813}.Debug|Any CPU.ActiveCfg = Debug|Any CPU
		{B1DD55CD-DE84-4A9D-8AFB-98D5DFC60813}.Debug|Any CPU.Build.0 = Debug|Any CPU
		{B1DD55CD-DE84-4A9D-8AFB-98D5DFC60813}.Release|Any CPU.ActiveCfg = Release|Any CPU
		{B1DD55CD-DE84-4A9D-8AFB-98D5DFC60813}.Release|Any CPU.Build.0 = Release|Any CPU
		{49058BD9-5914-40F2-AB4F-68680B1F628A}.Debug|Any CPU.ActiveCfg = Debug|Any CPU
		{49058BD9-5914-40F2-AB4F-68680B1F628A}.Debug|Any CPU.Build.0 = Debug|Any CPU
		{49058BD9-5914-40F2-AB4F-68680B1F628A}.Release|Any CPU.ActiveCfg = Release|Any CPU
		{49058BD9-5914-40F2-AB4F-68680B1F628A}.Release|Any CPU.Build.0 = Release|Any CPU
		{C65019D3-6A79-4D59-9377-0E9A4C638A1E}.Debug|Any CPU.ActiveCfg = Debug|Any CPU
		{C65019D3-6A79-4D59-9377-0E9A4C638A1E}.Debug|Any CPU.Build.0 = Debug|Any CPU
		{C65019D3-6A79-4D59-9377-0E9A4C638A1E}.Release|Any CPU.ActiveCfg = Release|Any CPU
		{C65019D3-6A79-4D59-9377-0E9A4C638A1E}.Release|Any CPU.Build.0 = Release|Any CPU
		{FDE9FFCA-9EF0-4DB7-A0E5-B29D8C0B2761}.Debug|Any CPU.ActiveCfg = Debug|Any CPU
		{FDE9FFCA-9EF0-4DB7-A0E5-B29D8C0B2761}.Debug|Any CPU.Build.0 = Debug|Any CPU
		{FDE9FFCA-9EF0-4DB7-A0E5-B29D8C0B2761}.Release|Any CPU.ActiveCfg = Release|Any CPU
		{FDE9FFCA-9EF0-4DB7-A0E5-B29D8C0B2761}.Release|Any CPU.Build.0 = Release|Any CPU
		{5D476CC8-889A-4C07-B73B-83DC60B383C0}.Debug|Any CPU.ActiveCfg = Debug|Any CPU
		{5D476CC8-889A-4C07-B73B-83DC60B383C0}.Debug|Any CPU.Build.0 = Debug|Any CPU
		{5D476CC8-889A-4C07-B73B-83DC60B383C0}.Release|Any CPU.ActiveCfg = Release|Any CPU
		{5D476CC8-889A-4C07-B73B-83DC60B383C0}.Release|Any CPU.Build.0 = Release|Any CPU
	EndGlobalSection
	GlobalSection(SolutionProperties) = preSolution
		HideSolutionNode = FALSE
	EndGlobalSection
EndGlobal
